
Microsoft Visual Studio Solution File, Format Version 12.00
# Visual Studio Version 16
VisualStudioVersion = 16.0.30330.147
MinimumVisualStudioVersion = 10.0.40219.1
Project("{9A19103F-16F7-4668-BE54-9A1E7A4F7556}") = "Mechmind_CameraAPI_Csharp", "Mechmind_CameraAPI_Csharp\Mechmind_CameraAPI_Csharp.csproj", "{DDC87820-158B-43B9-B963-5110FDF56801}"
EndProject
Global
	GlobalSection(SolutionConfigurationPlatforms) = preSolution
		Debug|Any CPU = Debug|Any CPU
		Debug|x86 = Debug|x86
		Release|Any CPU = Release|Any CPU
		Release|x86 = Release|x86
	EndGlobalSection
	GlobalSection(ProjectConfigurationPlatforms) = postSolution
		{DDC87820-158B-43B9-B963-5110FDF56801}.Debug|Any CPU.ActiveCfg = Debug|Any CPU
		{DDC87820-158B-43B9-B963-5110FDF56801}.Debug|Any CPU.Build.0 = Debug|Any CPU
		{DDC87820-158B-43B9-B963-5110FDF56801}.Debug|x86.ActiveCfg = Debug|x86
		{DDC87820-158B-43B9-B963-5110FDF56801}.Debug|x86.Build.0 = Debug|x86
		{DDC87820-158B-43B9-B963-5110FDF56801}.Release|Any CPU.ActiveCfg = Release|Any CPU
		{DDC87820-158B-43B9-B963-5110FDF56801}.Release|Any CPU.Build.0 = Release|Any CPU
		{DDC87820-158B-43B9-B963-5110FDF56801}.Release|x86.ActiveCfg = Release|x86
		{DDC87820-158B-43B9-B963-5110FDF56801}.Release|x86.Build.0 = Release|x86
	EndGlobalSection
	GlobalSection(SolutionProperties) = preSolution
		HideSolutionNode = FALSE
	EndGlobalSection
	GlobalSection(ExtensibilityGlobals) = postSolution
		SolutionGuid = {8C38BAC1-082D-4CFC-ACD8-7D6F73C3A36A}
	EndGlobalSection
EndGlobal
